
Microsoft Visual Studio Solution File, Format Version 12.00
# Visual Studio Version 17
VisualStudioVersion = 17.0.31919.166
MinimumVisualStudioVersion = 10.0.40219.1
Project("{8BC9CEB8-8B4A-11D0-8D11-00A0C91BC942}") = "P1357食物链", "P1357食物链\P1357食物链.vcxproj", "{D971DA26-8098-41FF-A14E-58EB108F6517}"
EndProject
Global
	GlobalSection(SolutionConfigurationPlatforms) = preSolution
		Debug|x64 = Debug|x64
		Debug|x86 = Debug|x86
		Release|x64 = Release|x64
		Release|x86 = Release|x86
	EndGlobalSection
	GlobalSection(ProjectConfigurationPlatforms) = postSolution
		{D971DA26-8098-41FF-A14E-58EB108F6517}.Debug|x64.ActiveCfg = Debug|x64
		{D971DA26-8098-41FF-A14E-58EB108F6517}.Debug|x64.Build.0 = Debug|x64
		{D971DA26-8098-41FF-A14E-58EB108F6517}.Debug|x86.ActiveCfg = Debug|Win32
		{D971DA26-8098-41FF-A14E-58EB108F6517}.Debug|x86.Build.0 = Debug|Win32
		{D971DA26-8098-41FF-A14E-58EB108F6517}.Release|x64.ActiveCfg = Release|x64
		{D971DA26-8098-41FF-A14E-58EB108F6517}.Release|x64.Build.0 = Release|x64
		{D971DA26-8098-41FF-A14E-58EB108F6517}.Release|x86.ActiveCfg = Release|Win32
		{D971DA26-8098-41FF-A14E-58EB108F6517}.Release|x86.Build.0 = Release|Win32
	EndGlobalSection
	GlobalSection(SolutionProperties) = preSolution
		HideSolutionNode = FALSE
	EndGlobalSection
	GlobalSection(ExtensibilityGlobals) = postSolution
		SolutionGuid = {868EAD87-F1F3-4975-8984-7C3DE1F33F83}
	EndGlobalSection
EndGlobal
